
Microsoft Visual Studio Solution File, Format Version 12.00
# Visual Studio Version 18
VisualStudioVersion = 18.1.11304.174 d18.0
MinimumVisualStudioVersion = 10.0.40219.1
Project("{FAE04EC0-301F-11D3-BF4B-00C04F79EFBC}") = "binlog-ids", "binlog-ids.csproj", "{60B6FAEA-2C72-D4D5-F0A9-A5441A865552}"
EndProject
Global
	GlobalSection(SolutionConfigurationPlatforms) = preSolution
		Debug|Any CPU = Debug|Any CPU
		Release|Any CPU = Release|Any CPU
	EndGlobalSection
	GlobalSection(ProjectConfigurationPlatforms) = postSolution
		{60B6FAEA-2C72-D4D5-F0A9-A5441A865552}.Debug|Any CPU.ActiveCfg = Debug|Any CPU
		{60B6FAEA-2C72-D4D5-F0A9-A5441A865552}.Debug|Any CPU.Build.0 = Debug|Any CPU
		{60B6FAEA-2C72-D4D5-F0A9-A5441A865552}.Release|Any CPU.ActiveCfg = Release|Any CPU
		{60B6FAEA-2C72-D4D5-F0A9-A5441A865552}.Release|Any CPU.Build.0 = Release|Any CPU
	EndGlobalSection
	GlobalSection(SolutionProperties) = preSolution
		HideSolutionNode = FALSE
	EndGlobalSection
	GlobalSection(ExtensibilityGlobals) = postSolution
		SolutionGuid = {5788482C-1867-4B0B-A7C9-D3C1876733F5}
	EndGlobalSection
EndGlobal
